
Microsoft Visual Studio Solution File, Format Version 12.00
# Visual Studio Version 17
VisualStudioVersion = 17.2.32630.192
MinimumVisualStudioVersion = 10.0.40219.1
Project("{8BC9CEB8-8B4A-11D0-8D11-00A0C91BC942}") = "Polynoms", "Polynoms\Polynoms.vcxproj", "{83BD344F-9AE7-461A-86FD-7B7776DFF1A2}"
EndProject
Project("{8BC9CEB8-8B4A-11D0-8D11-00A0C91BC942}") = "test", "test\test.vcxproj", "{FCAC87DF-3C4C-4CFE-AC01-A721F30A8EEB}"
EndProject
Global
	GlobalSection(SolutionConfigurationPlatforms) = preSolution
		Debug|x64 = Debug|x64
		Debug|x86 = Debug|x86
		Release|x64 = Release|x64
		Release|x86 = Release|x86
	EndGlobalSection
	GlobalSection(ProjectConfigurationPlatforms) = postSolution
		{83BD344F-9AE7-461A-86FD-7B7776DFF1A2}.Debug|x64.ActiveCfg = Debug|x64
		{83BD344F-9AE7-461A-86FD-7B7776DFF1A2}.Debug|x64.Build.0 = Debug|x64
		{83BD344F-9AE7-461A-86FD-7B7776DFF1A2}.Debug|x86.ActiveCfg = Debug|Win32
		{83BD344F-9AE7-461A-86FD-7B7776DFF1A2}.Debug|x86.Build.0 = Debug|Win32
		{83BD344F-9AE7-461A-86FD-7B7776DFF1A2}.Release|x64.ActiveCfg = Release|x64
		{83BD344F-9AE7-461A-86FD-7B7776DFF1A2}.Release|x64.Build.0 = Release|x64
		{83BD344F-9AE7-461A-86FD-7B7776DFF1A2}.Release|x86.ActiveCfg = Release|Win32
		{83BD344F-9AE7-461A-86FD-7B7776DFF1A2}.Release|x86.Build.0 = Release|Win32
		{FCAC87DF-3C4C-4CFE-AC01-A721F30A8EEB}.Debug|x64.ActiveCfg = Debug|x64
		{FCAC87DF-3C4C-4CFE-AC01-A721F30A8EEB}.Debug|x64.Build.0 = Debug|x64
		{FCAC87DF-3C4C-4CFE-AC01-A721F30A8EEB}.Debug|x86.ActiveCfg = Debug|Win32
		{FCAC87DF-3C4C-4CFE-AC01-A721F30A8EEB}.Debug|x86.Build.0 = Debug|Win32
		{FCAC87DF-3C4C-4CFE-AC01-A721F30A8EEB}.Release|x64.ActiveCfg = Release|x64
		{FCAC87DF-3C4C-4CFE-AC01-A721F30A8EEB}.Release|x64.Build.0 = Release|x64
		{FCAC87DF-3C4C-4CFE-AC01-A721F30A8EEB}.Release|x86.ActiveCfg = Release|Win32
		{FCAC87DF-3C4C-4CFE-AC01-A721F30A8EEB}.Release|x86.Build.0 = Release|Win32
	EndGlobalSection
	GlobalSection(SolutionProperties) = preSolution
		HideSolutionNode = FALSE
	EndGlobalSection
	GlobalSection(ExtensibilityGlobals) = postSolution
		SolutionGuid = {B1A46C03-C5EB-442A-AA8E-544438A541ED}
	EndGlobalSection
EndGlobal
